
Microsoft Visual Studio Solution File, Format Version 12.00
# Visual Studio 15
VisualStudioVersion = 15.0.27130.2027
MinimumVisualStudioVersion = 10.0.40219.1
Project("{FAE04EC0-301F-11D3-BF4B-00C04F79EFBC}") = "lab-8", "lab-8\lab-8.csproj", "{F9427BFE-2EC8-4541-B691-24CB5D1CB763}"
EndProject
Global
	GlobalSection(SolutionConfigurationPlatforms) = preSolution
		Debug|Any CPU = Debug|Any CPU
		Release|Any CPU = Release|Any CPU
	EndGlobalSection
	GlobalSection(ProjectConfigurationPlatforms) = postSolution
		{F9427BFE-2EC8-4541-B691-24CB5D1CB763}.Debug|Any CPU.ActiveCfg = Debug|Any CPU
		{F9427BFE-2EC8-4541-B691-24CB5D1CB763}.Debug|Any CPU.Build.0 = Debug|Any CPU
		{F9427BFE-2EC8-4541-B691-24CB5D1CB763}.Release|Any CPU.ActiveCfg = Release|Any CPU
		{F9427BFE-2EC8-4541-B691-24CB5D1CB763}.Release|Any CPU.Build.0 = Release|Any CPU
	EndGlobalSection
	GlobalSection(SolutionProperties) = preSolution
		HideSolutionNode = FALSE
	EndGlobalSection
	GlobalSection(ExtensibilityGlobals) = postSolution
		SolutionGuid = {BDABBD98-E6A6-4F12-91FD-F0367FD9E42D}
	EndGlobalSection
EndGlobal
